{
  "name": "typescript",
  "version": "0.0.0",
  "lockfileVersion": 3,
  "requires": true,
  "packages": {
    "": {
      "name": "typescript",
      "version": "0.0.0",
      "dependencies": {
        "@wokwi/elements": "^0.16.1",
        "avr8js": "^0.14.10",
        "lit-html": "^1.2.1",
        "typescript": "^5.4.5"
      },
      "devDependencies": {
        "@types/node": "^20.12.7"
      }
    },
    "node_modules/@types/node": {
      "version": "20.12.7",
      "resolved": "https://registry.npmjs.org/@types/node/-/node-20.12.7.tgz",
      "integrity": "sha512-wq0cICSkRLVaf3UGLMGItu/PtdY7oaXaI/RVU+xliKVOtRna3PRY57ZDfztpDL0n11vfymMUnXv8QwYCO7L1wg==",
      "dev": true,
      "dependencies": {
        "undici-types": "~5.26.4"
      }
    },
    "node_modules/@wokwi/elements": {
      "version": "0.16.2",
      "resolved": "https://registry.npmjs.org/@wokwi/elements/-/elements-0.16.2.tgz",
      "integrity": "sha512-K05wIWiutkuMBr5Aalxh+NGtuLoJdbStbSORYaEBj2YON9XkQbSroTErHDOruYrvz8h8Faj5dSvlGhDzLjgC7A==",
      "dependencies": {
        "lit-element": "^2.3.1"
      }
    },
    "node_modules/avr8js": {
      "version": "0.14.10",
      "resolved": "https://registry.npmjs.org/avr8js/-/avr8js-0.14.10.tgz",
      "integrity": "sha512-Cva+9evCDAmA2qLM4cOOXl7Nzi+295y5rut0Ru+oGCYHCR5U2W2Xfbgke8eOS6pPthBgs3omcdSXoJnVAQlGCw==",
      "engines": {
        "node": ">= 8.0.0",
        "npm": ">= 5.0.0"
      }
    },
    "node_modules/lit-element": {
      "version": "2.5.1",
      "resolved": "https://registry.npmjs.org/lit-element/-/lit-element-2.5.1.tgz",
      "integrity": "sha512-ogu7PiJTA33bEK0xGu1dmaX5vhcRjBXCFexPja0e7P7jqLhTpNKYRPmE+GmiCaRVAbiQKGkUgkh/i6+bh++dPQ==",
      "dependencies": {
        "lit-html": "^1.1.1"
      }
    },
    "node_modules/lit-html": {
      "version": "1.4.1",
      "resolved": "https://registry.npmjs.org/lit-html/-/lit-html-1.4.1.tgz",
      "integrity": "sha512-B9btcSgPYb1q4oSOb/PrOT6Z/H+r6xuNzfH4lFli/AWhYwdtrgQkQWBbIc6mdnf6E2IL3gDXdkkqNktpU0OZQA=="
    },
    "node_modules/typescript": {
      "version": "5.4.5",
      "resolved": "https://registry.npmjs.org/typescript/-/typescript-5.4.5.tgz",
      "integrity": "sha512-vcI4UpRgg81oIRUFwR0WSIHKt11nJ7SAVlYNIu+QpqeyXP+gpQJy/Z4+F0aGxSE4MqwjyXvW/TzgkLAx2AGHwQ==",
      "bin": {
        "tsc": "bin/tsc",
        "tsserver": "bin/tsserver"
      },
      "engines": {
        "node": ">=14.17"
      }
    },
    "node_modules/undici-types": {
      "version": "5.26.5",
      "resolved": "https://registry.npmjs.org/undici-types/-/undici-types-5.26.5.tgz",
      "integrity": "sha512-JlCMO+ehdEIKqlFxk6IfVoAUVmgz7cU7zD/h9XZ0qzeosSHmUJVOzSQvvYSYWXkFXC+IfLKSIffhv0sVZup6pA==",
      "dev": true
    }
  }
}
